
Microsoft Visual Studio Solution File, Format Version 12.00
# Visual Studio Version 16
VisualStudioVersion = 16.0.29123.88
MinimumVisualStudioVersion = 10.0.40219.1
Project("{FAE04EC0-301F-11D3-BF4B-00C04F79EFBC}") = "CSIntro1", "CSIntro1\CSIntro1.csproj", "{6C9D165E-0B08-4AEA-B979-B2134514C94B}"
EndProject
Global
	GlobalSection(SolutionConfigurationPlatforms) = preSolution
		Debug|Any CPU = Debug|Any CPU
		Release|Any CPU = Release|Any CPU
	EndGlobalSection
	GlobalSection(ProjectConfigurationPlatforms) = postSolution
		{6C9D165E-0B08-4AEA-B979-B2134514C94B}.Debug|Any CPU.ActiveCfg = Debug|Any CPU
		{6C9D165E-0B08-4AEA-B979-B2134514C94B}.Debug|Any CPU.Build.0 = Debug|Any CPU
		{6C9D165E-0B08-4AEA-B979-B2134514C94B}.Release|Any CPU.ActiveCfg = Release|Any CPU
		{6C9D165E-0B08-4AEA-B979-B2134514C94B}.Release|Any CPU.Build.0 = Release|Any CPU
	EndGlobalSection
	GlobalSection(SolutionProperties) = preSolution
		HideSolutionNode = FALSE
	EndGlobalSection
	GlobalSection(ExtensibilityGlobals) = postSolution
		SolutionGuid = {C1CCE576-9559-43FF-A45A-DD323413663A}
	EndGlobalSection
EndGlobal
